
Microsoft Visual Studio Solution File, Format Version 12.00
# Visual Studio 14
VisualStudioVersion = 14.0.21901.1
MinimumVisualStudioVersion = 10.0.40219.1
Project("{8BC9CEB8-8B4A-11D0-8D11-00A0C91BC942}") = "Arcanist", "Arcanist\Arcanist.vcxproj", "{41980861-A6FD-4FAC-B768-353776FB2FCF}"
EndProject
Global
	GlobalSection(SolutionConfigurationPlatforms) = preSolution
		Debug|Win32 = Debug|Win32
		Release|Win32 = Release|Win32
	EndGlobalSection
	GlobalSection(ProjectConfigurationPlatforms) = postSolution
		{41980861-A6FD-4FAC-B768-353776FB2FCF}.Debug|Win32.ActiveCfg = Debug|Win32
		{41980861-A6FD-4FAC-B768-353776FB2FCF}.Debug|Win32.Build.0 = Debug|Win32
		{41980861-A6FD-4FAC-B768-353776FB2FCF}.Release|Win32.ActiveCfg = Release|Win32
		{41980861-A6FD-4FAC-B768-353776FB2FCF}.Release|Win32.Build.0 = Release|Win32
	EndGlobalSection
	GlobalSection(SolutionProperties) = preSolution
		HideSolutionNode = FALSE
	EndGlobalSection
EndGlobal
